
Microsoft Visual Studio Solution File, Format Version 12.00
# Visual Studio Version 17
VisualStudioVersion = 17.7.34018.315
MinimumVisualStudioVersion = 10.0.40219.1
Project("{FAE04EC0-301F-11D3-BF4B-00C04F79EFBC}") = "Exam", "test\Exam.csproj", "{763BE70D-B5E2-44C0-870D-8F346A158964}"
EndProject
Global
	GlobalSection(SolutionConfigurationPlatforms) = preSolution
		Debug|Any CPU = Debug|Any CPU
		Release|Any CPU = Release|Any CPU
	EndGlobalSection
	GlobalSection(ProjectConfigurationPlatforms) = postSolution
		{763BE70D-B5E2-44C0-870D-8F346A158964}.Debug|Any CPU.ActiveCfg = Debug|Any CPU
		{763BE70D-B5E2-44C0-870D-8F346A158964}.Debug|Any CPU.Build.0 = Debug|Any CPU
		{763BE70D-B5E2-44C0-870D-8F346A158964}.Release|Any CPU.ActiveCfg = Release|Any CPU
		{763BE70D-B5E2-44C0-870D-8F346A158964}.Release|Any CPU.Build.0 = Release|Any CPU
	EndGlobalSection
	GlobalSection(SolutionProperties) = preSolution
		HideSolutionNode = FALSE
	EndGlobalSection
	GlobalSection(ExtensibilityGlobals) = postSolution
		SolutionGuid = {4674515B-C258-4191-A793-B3ABDA2DCB66}
	EndGlobalSection
EndGlobal
