
Microsoft Visual Studio Solution File, Format Version 12.00
# Visual Studio Version 17
VisualStudioVersion = 17.7.34018.315
MinimumVisualStudioVersion = 10.0.40219.1
Project("{2150E333-8FDC-42A3-9474-1A3956D46DE8}") = "N22", "N22", "{DB912719-F01A-41D8-B764-F6FC36B7B84F}"
EndProject
Project("{9A19103F-16F7-4668-BE54-9A1E7A4F7556}") = "N22-HT1", "N22-HT1\N22-HT1.csproj", "{D6E78EDD-6AA1-4162-814F-DF4802F4A007}"
EndProject
Project("{2150E333-8FDC-42A3-9474-1A3956D46DE8}") = "N23", "N23", "{41BD96DB-2D3C-44AA-9895-FF687BEB7E1D}"
EndProject
Project("{9A19103F-16F7-4668-BE54-9A1E7A4F7556}") = "N23-HT1", "N23-HT1\N23-HT1.csproj", "{9DEA72DC-2D93-4D5C-B4E1-FECC16FE5654}"
EndProject
Project("{2150E333-8FDC-42A3-9474-1A3956D46DE8}") = "N24", "N24", "{9CCFD6FF-FA00-4476-AB2F-A0D51692548F}"
EndProject
Project("{9A19103F-16F7-4668-BE54-9A1E7A4F7556}") = "N24-HT1", "N24-HT1\N24-HT1.csproj", "{6522F93A-B4E3-4AF0-9CA4-B0A25570A76D}"
EndProject
Project("{2150E333-8FDC-42A3-9474-1A3956D46DE8}") = "N25", "N25", "{CB513041-1C33-4FBE-9771-010FFC9FAAF2}"
EndProject
Project("{2150E333-8FDC-42A3-9474-1A3956D46DE8}") = "N26", "N26", "{9F594948-738C-411A-8903-12D3FD6A59A7}"
EndProject
Project("{2150E333-8FDC-42A3-9474-1A3956D46DE8}") = "N27", "N27", "{905570E2-A51F-4EC2-A3E9-5360F71BD995}"
EndProject
Project("{2150E333-8FDC-42A3-9474-1A3956D46DE8}") = "N28", "N28", "{BF53DA58-EC1C-4EA2-BD31-4AC86C95E91B}"
EndProject
Project("{2150E333-8FDC-42A3-9474-1A3956D46DE8}") = "N29", "N29", "{683AB2BC-8B30-4532-98A5-40B8883A2BD0}"
EndProject
Project("{2150E333-8FDC-42A3-9474-1A3956D46DE8}") = "N30", "N30", "{3771303E-0BE2-4FE8-B935-01A381C8E0E9}"
EndProject
Project("{9A19103F-16F7-4668-BE54-9A1E7A4F7556}") = "N22-HT2", "N22-HT2\N22-HT2.csproj", "{AE121DD8-EF54-41FA-B2DD-76E55EB6C437}"
EndProject
Project("{9A19103F-16F7-4668-BE54-9A1E7A4F7556}") = "N29-HT1", "N29-HT1\N29-HT1.csproj", "{F79E8CC3-BBE3-49FC-8292-8CE7454BEEA5}"
EndProject
Project("{9A19103F-16F7-4668-BE54-9A1E7A4F7556}") = "N29-HT2", "N29-HT2\N29-HT2.csproj", "{CB1BE8C7-9A07-4832-8A2F-9C702AE6DEDB}"
EndProject
Project("{9A19103F-16F7-4668-BE54-9A1E7A4F7556}") = "N30-CT1", "N30-CT1\N30-CT1.csproj", "{F1BDC047-6994-48FA-A2DD-BDBDD2D185DC}"
EndProject
Project("{2150E333-8FDC-42A3-9474-1A3956D46DE8}") = "N31", "N31", "{5CAD3BAB-AFF0-4804-85C0-EA9151235216}"
EndProject
Project("{9A19103F-16F7-4668-BE54-9A1E7A4F7556}") = "N31-T1", "N30-T1\N31-T1.csproj", "{028A6F40-7FA3-42FA-8E95-2996DD5BA250}"
EndProject
Project("{9A19103F-16F7-4668-BE54-9A1E7A4F7556}") = "N31-T2", "N31-T2\N31-T2.csproj", "{1F2A0E5C-28EF-41FE-B4B0-C7166935BE98}"
EndProject
Project("{9A19103F-16F7-4668-BE54-9A1E7A4F7556}") = "N23-HT2-1", "N23-HT2-1\N23-HT2-1.csproj", "{1D574323-5700-47A0-8826-A08CFA3E3323}"
EndProject
Project("{9A19103F-16F7-4668-BE54-9A1E7A4F7556}") = "N25-HT1", "N25-HT1\N25-HT1.csproj", "{8FB1CE11-EE0E-4B37-9B23-4E1CDB50670F}"
EndProject
Project("{2150E333-8FDC-42A3-9474-1A3956D46DE8}") = "N32", "N32", "{8388C5E6-6428-4DBB-82CF-9803D576921A}"
EndProject
Project("{9A19103F-16F7-4668-BE54-9A1E7A4F7556}") = "N32-T1", "N31-T1\N32-T1.csproj", "{2BD23F32-A6AA-474E-95D3-4BE9A3B5DC9D}"
EndProject
Project("{9A19103F-16F7-4668-BE54-9A1E7A4F7556}") = "N32-T2", "N32-T2\N32-T2.csproj", "{49F3BE5F-6E8D-447C-8976-D789EFC44BDF}"
EndProject
Project("{9A19103F-16F7-4668-BE54-9A1E7A4F7556}") = "N32-T2-1", "N32-T2.1\N32-T2-1.csproj", "{38FC884A-CF57-4CE3-BB81-93B278678C86}"
EndProject
Project("{9A19103F-16F7-4668-BE54-9A1E7A4F7556}") = "N32-T3", "N30-T3\N32-T3.csproj", "{FBAF26F4-FF89-4E66-929C-3EF323017E7C}"
EndProject
Project("{2150E333-8FDC-42A3-9474-1A3956D46DE8}") = "N17", "N17", "{B623A060-A3E8-45D0-BFBE-784231F01A52}"
EndProject
Project("{9A19103F-16F7-4668-BE54-9A1E7A4F7556}") = "N17-HT1", "N17-HT1\N17-HT1.csproj", "{431A4FB4-06E7-4A36-BFFB-25B7A880D1EC}"
EndProject
Project("{9A19103F-16F7-4668-BE54-9A1E7A4F7556}") = "N17-HT2", "N17-HT2\N17-HT2.csproj", "{EB73AC74-F277-4809-AC47-1CFDFB646AD1}"
EndProject
Project("{2150E333-8FDC-42A3-9474-1A3956D46DE8}") = "N18", "N18", "{B0EDC580-06CE-4176-9E90-40DE3BFA5FEF}"
EndProject
Project("{2150E333-8FDC-42A3-9474-1A3956D46DE8}") = "N19", "N19", "{59CC88CE-69C8-4238-A8FA-D85D7EE52FFC}"
EndProject
Project("{2150E333-8FDC-42A3-9474-1A3956D46DE8}") = "Exam_Quession", "Exam_Quession", "{CC633211-CF56-4064-A92D-DBAA9250A141}"
EndProject
Project("{9A19103F-16F7-4668-BE54-9A1E7A4F7556}") = "test_1", "test_1\test_1.csproj", "{E38180E1-3B74-4504-8CD7-4B399270C7D4}"
EndProject
Project("{2150E333-8FDC-42A3-9474-1A3956D46DE8}") = "N33", "N33", "{B657AF5F-972E-4172-8774-F91F2550FFFD}"
EndProject
Project("{2150E333-8FDC-42A3-9474-1A3956D46DE8}") = "N34", "N34", "{7EDD871F-019D-4B74-887E-0C24F2689BBC}"
EndProject
Project("{9A19103F-16F7-4668-BE54-9A1E7A4F7556}") = "N34-HT1-30.08.2023", "N34-HT1-30.08.2023\N34-HT1-30.08.2023.csproj", "{4933C8C7-B1F8-4843-9941-6C4B6B4D7B96}"
EndProject
Project("{2150E333-8FDC-42A3-9474-1A3956D46DE8}") = "N40", "N40", "{879CDEDA-44F0-4263-9FDB-824DAD2FCDBC}"
EndProject
Project("{2150E333-8FDC-42A3-9474-1A3956D46DE8}") = "N41", "N41", "{69148066-CCBF-463D-9BB3-953971FAA628}"
EndProject
Project("{9A19103F-16F7-4668-BE54-9A1E7A4F7556}") = "N33-T1", "N33-T1\N33-T1.csproj", "{68D3A479-07BF-4A79-81BE-B761828375DF}"
EndProject
Project("{2150E333-8FDC-42A3-9474-1A3956D46DE8}") = "N35", "N35", "{A4F2BA1D-ABD1-496C-BFDB-29D27F36EA93}"
EndProject
Project("{9A19103F-16F7-4668-BE54-9A1E7A4F7556}") = "Record", "Record\Record.csproj", "{2B57B080-40FB-4229-BC90-77068BAC1704}"
EndProject
Project("{2150E333-8FDC-42A3-9474-1A3956D46DE8}") = "N36", "N36", "{8B4C1EDF-9A29-4E2F-99F7-879B4D6DA295}"
EndProject
Project("{9A19103F-16F7-4668-BE54-9A1E7A4F7556}") = "N36-HT1", "N36-HT1\N36-HT1.csproj", "{2293A24E-41F2-4E79-8EDD-034141876472}"
EndProject
Project("{9A19103F-16F7-4668-BE54-9A1E7A4F7556}") = "N36-HT2", "N36-HT2\N36-HT2.csproj", "{A2DCB1DF-E1BF-4648-BADF-50FE707B3537}"
EndProject
Project("{2150E333-8FDC-42A3-9474-1A3956D46DE8}") = "N37", "N37", "{F689A117-11E1-471C-80E3-C43C512D3AC2}"
EndProject
Project("{9A19103F-16F7-4668-BE54-9A1E7A4F7556}") = "N37-T1", "N37-T1\N37-T1.csproj", "{FAD0211A-396D-48F3-9E22-0D7DA5748092}"
EndProject
Project("{2150E333-8FDC-42A3-9474-1A3956D46DE8}") = "N38", "N38", "{1ADBAB6B-6005-4D36-9574-2A8498F31D45}"
EndProject
Project("{2150E333-8FDC-42A3-9474-1A3956D46DE8}") = "N39", "N39", "{5992F011-F25F-4C84-A2F9-3A49806649D6}"
EndProject
Project("{9A19103F-16F7-4668-BE54-9A1E7A4F7556}") = "N37-HT1", "N37-HT1\N37-HT1.csproj", "{F11EEAD3-3A06-496B-AD7C-4B4C7E2D147A}"
EndProject
Project("{9A19103F-16F7-4668-BE54-9A1E7A4F7556}") = "N38-HT1", "N38-HT1\N38-HT1.csproj", "{139B756F-3107-434D-874D-D3BFA8F8A238}"
EndProject
Project("{9A19103F-16F7-4668-BE54-9A1E7A4F7556}") = "N38-HT2", "N38-HT2\N38-HT2.csproj", "{3CEDF2BE-02C4-4B32-9496-9ACDD5955A95}"
EndProject
Project("{2150E333-8FDC-42A3-9474-1A3956D46DE8}") = "N43", "N43", "{6B72F93B-D154-42F3-9A00-B06131941DF5}"
EndProject
Project("{9A19103F-16F7-4668-BE54-9A1E7A4F7556}") = "N39-T1", "N39-T1\N39-T1.csproj", "{31C2DD53-9EF3-4458-9359-A20F6D51327F}"
EndProject
Project("{9A19103F-16F7-4668-BE54-9A1E7A4F7556}") = "N40-N10Test", "N40-N10Test\N40-N10Test.csproj", "{B2167F63-D79A-49BE-A710-5B1F5014E198}"
EndProject
Project("{9A19103F-16F7-4668-BE54-9A1E7A4F7556}") = "N40T1", "N40T1\N40T1.csproj", "{7D6949C2-03F9-4E80-AA77-2B37C5DEE1E7}"
EndProject
Project("{9A19103F-16F7-4668-BE54-9A1E7A4F7556}") = "N39-HT1", "N39-HT1\N39-HT1.csproj", "{99DBA044-5F2A-4BF3-907A-934C3B84DA07}"
EndProject
Project("{9A19103F-16F7-4668-BE54-9A1E7A4F7556}") = "N39-HT2", "N39-HT2\N39-HT2.csproj", "{490643E6-53C9-45D5-B5F7-A550948C65B0}"
EndProject
Project("{9A19103F-16F7-4668-BE54-9A1E7A4F7556}") = "EmailTemplateApp", "EmailTemplateApp\EmailTemplateApp.csproj", "{2FFF315A-24A7-4AAC-B4B3-1793E71B0331}"
EndProject
Project("{9A19103F-16F7-4668-BE54-9A1E7A4F7556}") = "EmailMessageApp", "EmailMessageApp\EmailMessageApp.csproj", "{A70DFC8E-240E-426E-AB33-63BD53CEADD6}"
EndProject
Project("{9A19103F-16F7-4668-BE54-9A1E7A4F7556}") = "N41-HT1", "N41-HT1\N41-HT1.csproj", "{19DC1ACB-B18D-48F2-AE7D-D9B29ED1165A}"
EndProject
Project("{9A19103F-16F7-4668-BE54-9A1E7A4F7556}") = "N41-HT2", "N41-HT2\N41-HT2.csproj", "{2046112C-C544-4D0E-A184-B2DF2F69753D}"
EndProject
Project("{2150E333-8FDC-42A3-9474-1A3956D46DE8}") = "N44", "N44", "{6CD9C6C7-2AF2-4517-BC60-7932F640AA5D}"
EndProject
Project("{2150E333-8FDC-42A3-9474-1A3956D46DE8}") = "N45", "N45", "{F24493D4-A53B-4BFF-906A-952346200FAC}"
EndProject
Project("{2150E333-8FDC-42A3-9474-1A3956D46DE8}") = "N48", "N48", "{67CCD972-A59B-4B8E-863D-20ED11B92C52}"
EndProject
Project("{9A19103F-16F7-4668-BE54-9A1E7A4F7556}") = "N48-HT1", "N48-HT1\N48-HT1.csproj", "{54507E74-9275-405A-B68F-94C68BA864F7}"
EndProject
Project("{9A19103F-16F7-4668-BE54-9A1E7A4F7556}") = "N45-HT1", "N45-HT1\N45-HT1.csproj", "{4F3A2A18-75C3-4B80-9F93-DC990DA52C41}"
EndProject
Project("{9A19103F-16F7-4668-BE54-9A1E7A4F7556}") = "N44-HT1", "N44-HT1\N44-HT1.csproj", "{763949AF-3781-4A39-AEEF-CF6083758548}"
EndProject
Project("{9A19103F-16F7-4668-BE54-9A1E7A4F7556}") = "N44-HT2", "N44-HT2\N44-HT2.csproj", "{B96E8281-DF90-4F15-A962-A58876380D8F}"
EndProject
Project("{9A19103F-16F7-4668-BE54-9A1E7A4F7556}") = "N48-T1", "N48-T1\N48-T1.csproj", "{82E3EE97-5F4D-4CE3-BB73-831EA3478626}"
EndProject
Project("{2150E333-8FDC-42A3-9474-1A3956D46DE8}") = "N50", "N50", "{EAC7FACA-9162-4A1D-8378-F8CC287AF96E}"
EndProject
Project("{9A19103F-16F7-4668-BE54-9A1E7A4F7556}") = "N50-HT1", "N50-HT1\N50-HT1.csproj", "{32F6C1E7-1BFB-4A7E-90D7-B196C5021F02}"
EndProject
Project("{2150E333-8FDC-42A3-9474-1A3956D46DE8}") = "Psixalogiya", "Psixalogiya", "{90DFCE88-8EF4-4E1D-8268-08385AE3A058}"
EndProject
Project("{2150E333-8FDC-42A3-9474-1A3956D46DE8}") = "N51", "N51", "{8370F9E1-5D33-42B7-9273-E4085B91858D}"
EndProject
Project("{9A19103F-16F7-4668-BE54-9A1E7A4F7556}") = "ToDoList", "ToDoList\ToDoList.csproj", "{9B031753-9361-428F-BB49-1D62A7944AF4}"
EndProject
Project("{9A19103F-16F7-4668-BE54-9A1E7A4F7556}") = "TalimPsixologiyasi", "TalimPsixologiyasi\TalimPsixologiyasi.csproj", "{B3ECD679-4B39-49A0-A15A-3480012F8F01}"
EndProject
Project("{9A19103F-16F7-4668-BE54-9A1E7A4F7556}") = "DelegatExsample", "DelegatExsample\DelegatExsample.csproj", "{C501AAE6-CBF1-4C33-B61E-FC00AA48FA7D}"
EndProject
Project("{2150E333-8FDC-42A3-9474-1A3956D46DE8}") = "N52", "N52", "{893A2806-420B-4B3A-91D8-D739B3A05ABE}"
EndProject
Project("{9A19103F-16F7-4668-BE54-9A1E7A4F7556}") = "N52-HT1", "N52-HT1\N52-HT1.csproj", "{E14A5E47-8115-409F-AE57-B9B38E49AE2E}"
EndProject
Project("{2150E333-8FDC-42A3-9474-1A3956D46DE8}") = "N53", "N53", "{CBF40206-890B-4452-9882-3821F72D8BC4}"
EndProject
Project("{9A19103F-16F7-4668-BE54-9A1E7A4F7556}") = "N53-HT1", "N53-HT1\N53-HT1.csproj", "{C2C549CB-E07C-485F-B896-0F54586A78A5}"
EndProject
Project("{2150E333-8FDC-42A3-9474-1A3956D46DE8}") = "N54", "N54", "{589E3688-18B7-4017-82A0-85046C35F222}"
EndProject
Project("{9A19103F-16F7-4668-BE54-9A1E7A4F7556}") = "CT-1", "CT-1\CT-1.csproj", "{670694A1-A211-49E9-94CD-8FE61EC43C62}"
EndProject
Project("{2150E333-8FDC-42A3-9474-1A3956D46DE8}") = "N55", "N55", "{81DE3D70-D784-451A-A723-891784F8F6A9}"
EndProject
Project("{9A19103F-16F7-4668-BE54-9A1E7A4F7556}") = "N55-T1", "N55-T1\N55-T1.csproj", "{E41F93C7-D9C8-4D0D-BD22-45B2A56F67B3}"
EndProject
Project("{9A19103F-16F7-4668-BE54-9A1E7A4F7556}") = "N55-HT1", "N55-HT1\N55-HT1.csproj", "{1C8333CF-E6ED-4B71-85BE-8FD20CDED84F}"
EndProject
Project("{9A19103F-16F7-4668-BE54-9A1E7A4F7556}") = "TestFile", "TestFile\TestFile.csproj", "{436BFB0C-53D6-4B3E-8468-6AEAB6AD06F4}"
EndProject
Project("{2150E333-8FDC-42A3-9474-1A3956D46DE8}") = "N56", "N56", "{DE62B4BC-544D-4668-B5D1-B7AE69171DE2}"
EndProject
Project("{9A19103F-16F7-4668-BE54-9A1E7A4F7556}") = "TestShifr", "TestShifr\TestShifr.csproj", "{A5EB9168-AA7F-4377-99AC-E7AEF9AAC3B5}"
EndProject
Project("{FAE04EC0-301F-11D3-BF4B-00C04F79EFBC}") = "N56-HT1", "N56-HT1\N56-HT1.csproj", "{1E1A01A4-552C-49E9-8C6A-C3FB0785794E}"
EndProject
Global
	GlobalSection(SolutionConfigurationPlatforms) = preSolution
		Debug|Any CPU = Debug|Any CPU
		Release|Any CPU = Release|Any CPU
	EndGlobalSection
	GlobalSection(ProjectConfigurationPlatforms) = postSolution
		{D6E78EDD-6AA1-4162-814F-DF4802F4A007}.Debug|Any CPU.ActiveCfg = Debug|Any CPU
		{D6E78EDD-6AA1-4162-814F-DF4802F4A007}.Debug|Any CPU.Build.0 = Debug|Any CPU
		{D6E78EDD-6AA1-4162-814F-DF4802F4A007}.Release|Any CPU.ActiveCfg = Release|Any CPU
		{D6E78EDD-6AA1-4162-814F-DF4802F4A007}.Release|Any CPU.Build.0 = Release|Any CPU
		{9DEA72DC-2D93-4D5C-B4E1-FECC16FE5654}.Debug|Any CPU.ActiveCfg = Debug|Any CPU
		{9DEA72DC-2D93-4D5C-B4E1-FECC16FE5654}.Debug|Any CPU.Build.0 = Debug|Any CPU
		{9DEA72DC-2D93-4D5C-B4E1-FECC16FE5654}.Release|Any CPU.ActiveCfg = Release|Any CPU
		{9DEA72DC-2D93-4D5C-B4E1-FECC16FE5654}.Release|Any CPU.Build.0 = Release|Any CPU
		{6522F93A-B4E3-4AF0-9CA4-B0A25570A76D}.Debug|Any CPU.ActiveCfg = Debug|Any CPU
		{6522F93A-B4E3-4AF0-9CA4-B0A25570A76D}.Debug|Any CPU.Build.0 = Debug|Any CPU
		{6522F93A-B4E3-4AF0-9CA4-B0A25570A76D}.Release|Any CPU.ActiveCfg = Release|Any CPU
		{6522F93A-B4E3-4AF0-9CA4-B0A25570A76D}.Release|Any CPU.Build.0 = Release|Any CPU
		{AE121DD8-EF54-41FA-B2DD-76E55EB6C437}.Debug|Any CPU.ActiveCfg = Debug|Any CPU
		{AE121DD8-EF54-41FA-B2DD-76E55EB6C437}.Debug|Any CPU.Build.0 = Debug|Any CPU
		{AE121DD8-EF54-41FA-B2DD-76E55EB6C437}.Release|Any CPU.ActiveCfg = Release|Any CPU
		{AE121DD8-EF54-41FA-B2DD-76E55EB6C437}.Release|Any CPU.Build.0 = Release|Any CPU
		{F79E8CC3-BBE3-49FC-8292-8CE7454BEEA5}.Debug|Any CPU.ActiveCfg = Debug|Any CPU
		{F79E8CC3-BBE3-49FC-8292-8CE7454BEEA5}.Debug|Any CPU.Build.0 = Debug|Any CPU
		{F79E8CC3-BBE3-49FC-8292-8CE7454BEEA5}.Release|Any CPU.ActiveCfg = Release|Any CPU
		{F79E8CC3-BBE3-49FC-8292-8CE7454BEEA5}.Release|Any CPU.Build.0 = Release|Any CPU
		{CB1BE8C7-9A07-4832-8A2F-9C702AE6DEDB}.Debug|Any CPU.ActiveCfg = Debug|Any CPU
		{CB1BE8C7-9A07-4832-8A2F-9C702AE6DEDB}.Debug|Any CPU.Build.0 = Debug|Any CPU
		{CB1BE8C7-9A07-4832-8A2F-9C702AE6DEDB}.Release|Any CPU.ActiveCfg = Release|Any CPU
		{CB1BE8C7-9A07-4832-8A2F-9C702AE6DEDB}.Release|Any CPU.Build.0 = Release|Any CPU
		{F1BDC047-6994-48FA-A2DD-BDBDD2D185DC}.Debug|Any CPU.ActiveCfg = Debug|Any CPU
		{F1BDC047-6994-48FA-A2DD-BDBDD2D185DC}.Debug|Any CPU.Build.0 = Debug|Any CPU
		{F1BDC047-6994-48FA-A2DD-BDBDD2D185DC}.Release|Any CPU.ActiveCfg = Release|Any CPU
		{F1BDC047-6994-48FA-A2DD-BDBDD2D185DC}.Release|Any CPU.Build.0 = Release|Any CPU
		{028A6F40-7FA3-42FA-8E95-2996DD5BA250}.Debug|Any CPU.ActiveCfg = Debug|Any CPU
		{028A6F40-7FA3-42FA-8E95-2996DD5BA250}.Debug|Any CPU.Build.0 = Debug|Any CPU
		{028A6F40-7FA3-42FA-8E95-2996DD5BA250}.Release|Any CPU.ActiveCfg = Release|Any CPU
		{028A6F40-7FA3-42FA-8E95-2996DD5BA250}.Release|Any CPU.Build.0 = Release|Any CPU
		{1F2A0E5C-28EF-41FE-B4B0-C7166935BE98}.Debug|Any CPU.ActiveCfg = Debug|Any CPU
		{1F2A0E5C-28EF-41FE-B4B0-C7166935BE98}.Debug|Any CPU.Build.0 = Debug|Any CPU
		{1F2A0E5C-28EF-41FE-B4B0-C7166935BE98}.Release|Any CPU.ActiveCfg = Release|Any CPU
		{1F2A0E5C-28EF-41FE-B4B0-C7166935BE98}.Release|Any CPU.Build.0 = Release|Any CPU
		{1D574323-5700-47A0-8826-A08CFA3E3323}.Debug|Any CPU.ActiveCfg = Debug|Any CPU
		{1D574323-5700-47A0-8826-A08CFA3E3323}.Debug|Any CPU.Build.0 = Debug|Any CPU
		{1D574323-5700-47A0-8826-A08CFA3E3323}.Release|Any CPU.ActiveCfg = Release|Any CPU
		{1D574323-5700-47A0-8826-A08CFA3E3323}.Release|Any CPU.Build.0 = Release|Any CPU
		{8FB1CE11-EE0E-4B37-9B23-4E1CDB50670F}.Debug|Any CPU.ActiveCfg = Debug|Any CPU
		{8FB1CE11-EE0E-4B37-9B23-4E1CDB50670F}.Debug|Any CPU.Build.0 = Debug|Any CPU
		{8FB1CE11-EE0E-4B37-9B23-4E1CDB50670F}.Release|Any CPU.ActiveCfg = Release|Any CPU
		{8FB1CE11-EE0E-4B37-9B23-4E1CDB50670F}.Release|Any CPU.Build.0 = Release|Any CPU
		{2BD23F32-A6AA-474E-95D3-4BE9A3B5DC9D}.Debug|Any CPU.ActiveCfg = Debug|Any CPU
		{2BD23F32-A6AA-474E-95D3-4BE9A3B5DC9D}.Debug|Any CPU.Build.0 = Debug|Any CPU
		{2BD23F32-A6AA-474E-95D3-4BE9A3B5DC9D}.Release|Any CPU.ActiveCfg = Release|Any CPU
		{2BD23F32-A6AA-474E-95D3-4BE9A3B5DC9D}.Release|Any CPU.Build.0 = Release|Any CPU
		{49F3BE5F-6E8D-447C-8976-D789EFC44BDF}.Debug|Any CPU.ActiveCfg = Debug|Any CPU
		{49F3BE5F-6E8D-447C-8976-D789EFC44BDF}.Debug|Any CPU.Build.0 = Debug|Any CPU
		{49F3BE5F-6E8D-447C-8976-D789EFC44BDF}.Release|Any CPU.ActiveCfg = Release|Any CPU
		{49F3BE5F-6E8D-447C-8976-D789EFC44BDF}.Release|Any CPU.Build.0 = Release|Any CPU
		{38FC884A-CF57-4CE3-BB81-93B278678C86}.Debug|Any CPU.ActiveCfg = Debug|Any CPU
		{38FC884A-CF57-4CE3-BB81-93B278678C86}.Debug|Any CPU.Build.0 = Debug|Any CPU
		{38FC884A-CF57-4CE3-BB81-93B278678C86}.Release|Any CPU.ActiveCfg = Release|Any CPU
		{38FC884A-CF57-4CE3-BB81-93B278678C86}.Release|Any CPU.Build.0 = Release|Any CPU
		{FBAF26F4-FF89-4E66-929C-3EF323017E7C}.Debug|Any CPU.ActiveCfg = Debug|Any CPU
		{FBAF26F4-FF89-4E66-929C-3EF323017E7C}.Debug|Any CPU.Build.0 = Debug|Any CPU
		{FBAF26F4-FF89-4E66-929C-3EF323017E7C}.Release|Any CPU.ActiveCfg = Release|Any CPU
		{FBAF26F4-FF89-4E66-929C-3EF323017E7C}.Release|Any CPU.Build.0 = Release|Any CPU
		{431A4FB4-06E7-4A36-BFFB-25B7A880D1EC}.Debug|Any CPU.ActiveCfg = Debug|Any CPU
		{431A4FB4-06E7-4A36-BFFB-25B7A880D1EC}.Debug|Any CPU.Build.0 = Debug|Any CPU
		{431A4FB4-06E7-4A36-BFFB-25B7A880D1EC}.Release|Any CPU.ActiveCfg = Release|Any CPU
		{431A4FB4-06E7-4A36-BFFB-25B7A880D1EC}.Release|Any CPU.Build.0 = Release|Any CPU
		{EB73AC74-F277-4809-AC47-1CFDFB646AD1}.Debug|Any CPU.ActiveCfg = Debug|Any CPU
		{EB73AC74-F277-4809-AC47-1CFDFB646AD1}.Debug|Any CPU.Build.0 = Debug|Any CPU
		{EB73AC74-F277-4809-AC47-1CFDFB646AD1}.Release|Any CPU.ActiveCfg = Release|Any CPU
		{EB73AC74-F277-4809-AC47-1CFDFB646AD1}.Release|Any CPU.Build.0 = Release|Any CPU
		{E38180E1-3B74-4504-8CD7-4B399270C7D4}.Debug|Any CPU.ActiveCfg = Debug|Any CPU
		{E38180E1-3B74-4504-8CD7-4B399270C7D4}.Debug|Any CPU.Build.0 = Debug|Any CPU
		{E38180E1-3B74-4504-8CD7-4B399270C7D4}.Release|Any CPU.ActiveCfg = Release|Any CPU
		{E38180E1-3B74-4504-8CD7-4B399270C7D4}.Release|Any CPU.Build.0 = Release|Any CPU
		{4933C8C7-B1F8-4843-9941-6C4B6B4D7B96}.Debug|Any CPU.ActiveCfg = Debug|Any CPU
		{4933C8C7-B1F8-4843-9941-6C4B6B4D7B96}.Debug|Any CPU.Build.0 = Debug|Any CPU
		{4933C8C7-B1F8-4843-9941-6C4B6B4D7B96}.Release|Any CPU.ActiveCfg = Release|Any CPU
		{4933C8C7-B1F8-4843-9941-6C4B6B4D7B96}.Release|Any CPU.Build.0 = Release|Any CPU
		{68D3A479-07BF-4A79-81BE-B761828375DF}.Debug|Any CPU.ActiveCfg = Debug|Any CPU
		{68D3A479-07BF-4A79-81BE-B761828375DF}.Debug|Any CPU.Build.0 = Debug|Any CPU
		{68D3A479-07BF-4A79-81BE-B761828375DF}.Release|Any CPU.ActiveCfg = Release|Any CPU
		{68D3A479-07BF-4A79-81BE-B761828375DF}.Release|Any CPU.Build.0 = Release|Any CPU
		{2B57B080-40FB-4229-BC90-77068BAC1704}.Debug|Any CPU.ActiveCfg = Debug|Any CPU
		{2B57B080-40FB-4229-BC90-77068BAC1704}.Debug|Any CPU.Build.0 = Debug|Any CPU
		{2B57B080-40FB-4229-BC90-77068BAC1704}.Release|Any CPU.ActiveCfg = Release|Any CPU
		{2B57B080-40FB-4229-BC90-77068BAC1704}.Release|Any CPU.Build.0 = Release|Any CPU
		{2293A24E-41F2-4E79-8EDD-034141876472}.Debug|Any CPU.ActiveCfg = Debug|Any CPU
		{2293A24E-41F2-4E79-8EDD-034141876472}.Debug|Any CPU.Build.0 = Debug|Any CPU
		{2293A24E-41F2-4E79-8EDD-034141876472}.Release|Any CPU.ActiveCfg = Release|Any CPU
		{2293A24E-41F2-4E79-8EDD-034141876472}.Release|Any CPU.Build.0 = Release|Any CPU
		{A2DCB1DF-E1BF-4648-BADF-50FE707B3537}.Debug|Any CPU.ActiveCfg = Debug|Any CPU
		{A2DCB1DF-E1BF-4648-BADF-50FE707B3537}.Debug|Any CPU.Build.0 = Debug|Any CPU
		{A2DCB1DF-E1BF-4648-BADF-50FE707B3537}.Release|Any CPU.ActiveCfg = Release|Any CPU
		{A2DCB1DF-E1BF-4648-BADF-50FE707B3537}.Release|Any CPU.Build.0 = Release|Any CPU
		{FAD0211A-396D-48F3-9E22-0D7DA5748092}.Debug|Any CPU.ActiveCfg = Debug|Any CPU
		{FAD0211A-396D-48F3-9E22-0D7DA5748092}.Debug|Any CPU.Build.0 = Debug|Any CPU
		{FAD0211A-396D-48F3-9E22-0D7DA5748092}.Release|Any CPU.ActiveCfg = Release|Any CPU
		{FAD0211A-396D-48F3-9E22-0D7DA5748092}.Release|Any CPU.Build.0 = Release|Any CPU
		{F11EEAD3-3A06-496B-AD7C-4B4C7E2D147A}.Debug|Any CPU.ActiveCfg = Debug|Any CPU
		{F11EEAD3-3A06-496B-AD7C-4B4C7E2D147A}.Debug|Any CPU.Build.0 = Debug|Any CPU
		{F11EEAD3-3A06-496B-AD7C-4B4C7E2D147A}.Release|Any CPU.ActiveCfg = Release|Any CPU
		{F11EEAD3-3A06-496B-AD7C-4B4C7E2D147A}.Release|Any CPU.Build.0 = Release|Any CPU
		{139B756F-3107-434D-874D-D3BFA8F8A238}.Debug|Any CPU.ActiveCfg = Debug|Any CPU
		{139B756F-3107-434D-874D-D3BFA8F8A238}.Debug|Any CPU.Build.0 = Debug|Any CPU
		{139B756F-3107-434D-874D-D3BFA8F8A238}.Release|Any CPU.ActiveCfg = Release|Any CPU
		{139B756F-3107-434D-874D-D3BFA8F8A238}.Release|Any CPU.Build.0 = Release|Any CPU
		{3CEDF2BE-02C4-4B32-9496-9ACDD5955A95}.Debug|Any CPU.ActiveCfg = Debug|Any CPU
		{3CEDF2BE-02C4-4B32-9496-9ACDD5955A95}.Debug|Any CPU.Build.0 = Debug|Any CPU
		{3CEDF2BE-02C4-4B32-9496-9ACDD5955A95}.Release|Any CPU.ActiveCfg = Release|Any CPU
		{3CEDF2BE-02C4-4B32-9496-9ACDD5955A95}.Release|Any CPU.Build.0 = Release|Any CPU
		{31C2DD53-9EF3-4458-9359-A20F6D51327F}.Debug|Any CPU.ActiveCfg = Debug|Any CPU
		{31C2DD53-9EF3-4458-9359-A20F6D51327F}.Debug|Any CPU.Build.0 = Debug|Any CPU
		{31C2DD53-9EF3-4458-9359-A20F6D51327F}.Release|Any CPU.ActiveCfg = Release|Any CPU
		{31C2DD53-9EF3-4458-9359-A20F6D51327F}.Release|Any CPU.Build.0 = Release|Any CPU
		{B2167F63-D79A-49BE-A710-5B1F5014E198}.Debug|Any CPU.ActiveCfg = Debug|Any CPU
		{B2167F63-D79A-49BE-A710-5B1F5014E198}.Debug|Any CPU.Build.0 = Debug|Any CPU
		{B2167F63-D79A-49BE-A710-5B1F5014E198}.Release|Any CPU.ActiveCfg = Release|Any CPU
		{B2167F63-D79A-49BE-A710-5B1F5014E198}.Release|Any CPU.Build.0 = Release|Any CPU
		{7D6949C2-03F9-4E80-AA77-2B37C5DEE1E7}.Debug|Any CPU.ActiveCfg = Debug|Any CPU
		{7D6949C2-03F9-4E80-AA77-2B37C5DEE1E7}.Debug|Any CPU.Build.0 = Debug|Any CPU
		{7D6949C2-03F9-4E80-AA77-2B37C5DEE1E7}.Release|Any CPU.ActiveCfg = Release|Any CPU
		{7D6949C2-03F9-4E80-AA77-2B37C5DEE1E7}.Release|Any CPU.Build.0 = Release|Any CPU
		{99DBA044-5F2A-4BF3-907A-934C3B84DA07}.Debug|Any CPU.ActiveCfg = Debug|Any CPU
		{99DBA044-5F2A-4BF3-907A-934C3B84DA07}.Debug|Any CPU.Build.0 = Debug|Any CPU
		{99DBA044-5F2A-4BF3-907A-934C3B84DA07}.Release|Any CPU.ActiveCfg = Release|Any CPU
		{99DBA044-5F2A-4BF3-907A-934C3B84DA07}.Release|Any CPU.Build.0 = Release|Any CPU
		{490643E6-53C9-45D5-B5F7-A550948C65B0}.Debug|Any CPU.ActiveCfg = Debug|Any CPU
		{490643E6-53C9-45D5-B5F7-A550948C65B0}.Debug|Any CPU.Build.0 = Debug|Any CPU
		{490643E6-53C9-45D5-B5F7-A550948C65B0}.Release|Any CPU.ActiveCfg = Release|Any CPU
		{490643E6-53C9-45D5-B5F7-A550948C65B0}.Release|Any CPU.Build.0 = Release|Any CPU
		{2FFF315A-24A7-4AAC-B4B3-1793E71B0331}.Debug|Any CPU.ActiveCfg = Debug|Any CPU
		{2FFF315A-24A7-4AAC-B4B3-1793E71B0331}.Debug|Any CPU.Build.0 = Debug|Any CPU
		{2FFF315A-24A7-4AAC-B4B3-1793E71B0331}.Release|Any CPU.ActiveCfg = Release|Any CPU
		{2FFF315A-24A7-4AAC-B4B3-1793E71B0331}.Release|Any CPU.Build.0 = Release|Any CPU
		{A70DFC8E-240E-426E-AB33-63BD53CEADD6}.Debug|Any CPU.ActiveCfg = Debug|Any CPU
		{A70DFC8E-240E-426E-AB33-63BD53CEADD6}.Debug|Any CPU.Build.0 = Debug|Any CPU
		{A70DFC8E-240E-426E-AB33-63BD53CEADD6}.Release|Any CPU.ActiveCfg = Release|Any CPU
		{A70DFC8E-240E-426E-AB33-63BD53CEADD6}.Release|Any CPU.Build.0 = Release|Any CPU
		{19DC1ACB-B18D-48F2-AE7D-D9B29ED1165A}.Debug|Any CPU.ActiveCfg = Debug|Any CPU
		{19DC1ACB-B18D-48F2-AE7D-D9B29ED1165A}.Debug|Any CPU.Build.0 = Debug|Any CPU
		{19DC1ACB-B18D-48F2-AE7D-D9B29ED1165A}.Release|Any CPU.ActiveCfg = Release|Any CPU
		{19DC1ACB-B18D-48F2-AE7D-D9B29ED1165A}.Release|Any CPU.Build.0 = Release|Any CPU
		{2046112C-C544-4D0E-A184-B2DF2F69753D}.Debug|Any CPU.ActiveCfg = Debug|Any CPU
		{2046112C-C544-4D0E-A184-B2DF2F69753D}.Debug|Any CPU.Build.0 = Debug|Any CPU
		{2046112C-C544-4D0E-A184-B2DF2F69753D}.Release|Any CPU.ActiveCfg = Release|Any CPU
		{2046112C-C544-4D0E-A184-B2DF2F69753D}.Release|Any CPU.Build.0 = Release|Any CPU
		{54507E74-9275-405A-B68F-94C68BA864F7}.Debug|Any CPU.ActiveCfg = Debug|Any CPU
		{54507E74-9275-405A-B68F-94C68BA864F7}.Debug|Any CPU.Build.0 = Debug|Any CPU
		{54507E74-9275-405A-B68F-94C68BA864F7}.Release|Any CPU.ActiveCfg = Release|Any CPU
		{54507E74-9275-405A-B68F-94C68BA864F7}.Release|Any CPU.Build.0 = Release|Any CPU
		{4F3A2A18-75C3-4B80-9F93-DC990DA52C41}.Debug|Any CPU.ActiveCfg = Debug|Any CPU
		{4F3A2A18-75C3-4B80-9F93-DC990DA52C41}.Debug|Any CPU.Build.0 = Debug|Any CPU
		{4F3A2A18-75C3-4B80-9F93-DC990DA52C41}.Release|Any CPU.ActiveCfg = Release|Any CPU
		{4F3A2A18-75C3-4B80-9F93-DC990DA52C41}.Release|Any CPU.Build.0 = Release|Any CPU
		{763949AF-3781-4A39-AEEF-CF6083758548}.Debug|Any CPU.ActiveCfg = Debug|Any CPU
		{763949AF-3781-4A39-AEEF-CF6083758548}.Debug|Any CPU.Build.0 = Debug|Any CPU
		{763949AF-3781-4A39-AEEF-CF6083758548}.Release|Any CPU.ActiveCfg = Release|Any CPU
		{763949AF-3781-4A39-AEEF-CF6083758548}.Release|Any CPU.Build.0 = Release|Any CPU
		{B96E8281-DF90-4F15-A962-A58876380D8F}.Debug|Any CPU.ActiveCfg = Debug|Any CPU
		{B96E8281-DF90-4F15-A962-A58876380D8F}.Debug|Any CPU.Build.0 = Debug|Any CPU
		{B96E8281-DF90-4F15-A962-A58876380D8F}.Release|Any CPU.ActiveCfg = Release|Any CPU
		{B96E8281-DF90-4F15-A962-A58876380D8F}.Release|Any CPU.Build.0 = Release|Any CPU
		{82E3EE97-5F4D-4CE3-BB73-831EA3478626}.Debug|Any CPU.ActiveCfg = Debug|Any CPU
		{82E3EE97-5F4D-4CE3-BB73-831EA3478626}.Debug|Any CPU.Build.0 = Debug|Any CPU
		{82E3EE97-5F4D-4CE3-BB73-831EA3478626}.Release|Any CPU.ActiveCfg = Release|Any CPU
		{82E3EE97-5F4D-4CE3-BB73-831EA3478626}.Release|Any CPU.Build.0 = Release|Any CPU
		{32F6C1E7-1BFB-4A7E-90D7-B196C5021F02}.Debug|Any CPU.ActiveCfg = Debug|Any CPU
		{32F6C1E7-1BFB-4A7E-90D7-B196C5021F02}.Debug|Any CPU.Build.0 = Debug|Any CPU
		{32F6C1E7-1BFB-4A7E-90D7-B196C5021F02}.Release|Any CPU.ActiveCfg = Release|Any CPU
		{32F6C1E7-1BFB-4A7E-90D7-B196C5021F02}.Release|Any CPU.Build.0 = Release|Any CPU
		{9B031753-9361-428F-BB49-1D62A7944AF4}.Debug|Any CPU.ActiveCfg = Debug|Any CPU
		{9B031753-9361-428F-BB49-1D62A7944AF4}.Debug|Any CPU.Build.0 = Debug|Any CPU
		{9B031753-9361-428F-BB49-1D62A7944AF4}.Release|Any CPU.ActiveCfg = Release|Any CPU
		{9B031753-9361-428F-BB49-1D62A7944AF4}.Release|Any CPU.Build.0 = Release|Any CPU
		{B3ECD679-4B39-49A0-A15A-3480012F8F01}.Debug|Any CPU.ActiveCfg = Debug|Any CPU
		{B3ECD679-4B39-49A0-A15A-3480012F8F01}.Debug|Any CPU.Build.0 = Debug|Any CPU
		{B3ECD679-4B39-49A0-A15A-3480012F8F01}.Release|Any CPU.ActiveCfg = Release|Any CPU
		{B3ECD679-4B39-49A0-A15A-3480012F8F01}.Release|Any CPU.Build.0 = Release|Any CPU
		{C501AAE6-CBF1-4C33-B61E-FC00AA48FA7D}.Debug|Any CPU.ActiveCfg = Debug|Any CPU
		{C501AAE6-CBF1-4C33-B61E-FC00AA48FA7D}.Debug|Any CPU.Build.0 = Debug|Any CPU
		{C501AAE6-CBF1-4C33-B61E-FC00AA48FA7D}.Release|Any CPU.ActiveCfg = Release|Any CPU
		{C501AAE6-CBF1-4C33-B61E-FC00AA48FA7D}.Release|Any CPU.Build.0 = Release|Any CPU
		{E14A5E47-8115-409F-AE57-B9B38E49AE2E}.Debug|Any CPU.ActiveCfg = Debug|Any CPU
		{E14A5E47-8115-409F-AE57-B9B38E49AE2E}.Debug|Any CPU.Build.0 = Debug|Any CPU
		{E14A5E47-8115-409F-AE57-B9B38E49AE2E}.Release|Any CPU.ActiveCfg = Release|Any CPU
		{E14A5E47-8115-409F-AE57-B9B38E49AE2E}.Release|Any CPU.Build.0 = Release|Any CPU
		{C2C549CB-E07C-485F-B896-0F54586A78A5}.Debug|Any CPU.ActiveCfg = Debug|Any CPU
		{C2C549CB-E07C-485F-B896-0F54586A78A5}.Debug|Any CPU.Build.0 = Debug|Any CPU
		{C2C549CB-E07C-485F-B896-0F54586A78A5}.Release|Any CPU.ActiveCfg = Release|Any CPU
		{C2C549CB-E07C-485F-B896-0F54586A78A5}.Release|Any CPU.Build.0 = Release|Any CPU
		{670694A1-A211-49E9-94CD-8FE61EC43C62}.Debug|Any CPU.ActiveCfg = Debug|Any CPU
		{670694A1-A211-49E9-94CD-8FE61EC43C62}.Debug|Any CPU.Build.0 = Debug|Any CPU
		{670694A1-A211-49E9-94CD-8FE61EC43C62}.Release|Any CPU.ActiveCfg = Release|Any CPU
		{670694A1-A211-49E9-94CD-8FE61EC43C62}.Release|Any CPU.Build.0 = Release|Any CPU
		{E41F93C7-D9C8-4D0D-BD22-45B2A56F67B3}.Debug|Any CPU.ActiveCfg = Debug|Any CPU
		{E41F93C7-D9C8-4D0D-BD22-45B2A56F67B3}.Debug|Any CPU.Build.0 = Debug|Any CPU
		{E41F93C7-D9C8-4D0D-BD22-45B2A56F67B3}.Release|Any CPU.ActiveCfg = Release|Any CPU
		{E41F93C7-D9C8-4D0D-BD22-45B2A56F67B3}.Release|Any CPU.Build.0 = Release|Any CPU
		{1C8333CF-E6ED-4B71-85BE-8FD20CDED84F}.Debug|Any CPU.ActiveCfg = Debug|Any CPU
		{1C8333CF-E6ED-4B71-85BE-8FD20CDED84F}.Debug|Any CPU.Build.0 = Debug|Any CPU
		{1C8333CF-E6ED-4B71-85BE-8FD20CDED84F}.Release|Any CPU.ActiveCfg = Release|Any CPU
		{1C8333CF-E6ED-4B71-85BE-8FD20CDED84F}.Release|Any CPU.Build.0 = Release|Any CPU
		{436BFB0C-53D6-4B3E-8468-6AEAB6AD06F4}.Debug|Any CPU.ActiveCfg = Debug|Any CPU
		{436BFB0C-53D6-4B3E-8468-6AEAB6AD06F4}.Debug|Any CPU.Build.0 = Debug|Any CPU
		{436BFB0C-53D6-4B3E-8468-6AEAB6AD06F4}.Release|Any CPU.ActiveCfg = Release|Any CPU
		{436BFB0C-53D6-4B3E-8468-6AEAB6AD06F4}.Release|Any CPU.Build.0 = Release|Any CPU
		{A5EB9168-AA7F-4377-99AC-E7AEF9AAC3B5}.Debug|Any CPU.ActiveCfg = Debug|Any CPU
		{A5EB9168-AA7F-4377-99AC-E7AEF9AAC3B5}.Debug|Any CPU.Build.0 = Debug|Any CPU
		{A5EB9168-AA7F-4377-99AC-E7AEF9AAC3B5}.Release|Any CPU.ActiveCfg = Release|Any CPU
		{A5EB9168-AA7F-4377-99AC-E7AEF9AAC3B5}.Release|Any CPU.Build.0 = Release|Any CPU
		{1E1A01A4-552C-49E9-8C6A-C3FB0785794E}.Debug|Any CPU.ActiveCfg = Debug|Any CPU
		{1E1A01A4-552C-49E9-8C6A-C3FB0785794E}.Debug|Any CPU.Build.0 = Debug|Any CPU
		{1E1A01A4-552C-49E9-8C6A-C3FB0785794E}.Release|Any CPU.ActiveCfg = Release|Any CPU
		{1E1A01A4-552C-49E9-8C6A-C3FB0785794E}.Release|Any CPU.Build.0 = Release|Any CPU
	EndGlobalSection
	GlobalSection(SolutionProperties) = preSolution
		HideSolutionNode = FALSE
	EndGlobalSection
	GlobalSection(NestedProjects) = preSolution
		{D6E78EDD-6AA1-4162-814F-DF4802F4A007} = {DB912719-F01A-41D8-B764-F6FC36B7B84F}
		{9DEA72DC-2D93-4D5C-B4E1-FECC16FE5654} = {41BD96DB-2D3C-44AA-9895-FF687BEB7E1D}
		{6522F93A-B4E3-4AF0-9CA4-B0A25570A76D} = {9CCFD6FF-FA00-4476-AB2F-A0D51692548F}
		{AE121DD8-EF54-41FA-B2DD-76E55EB6C437} = {DB912719-F01A-41D8-B764-F6FC36B7B84F}
		{F79E8CC3-BBE3-49FC-8292-8CE7454BEEA5} = {683AB2BC-8B30-4532-98A5-40B8883A2BD0}
		{CB1BE8C7-9A07-4832-8A2F-9C702AE6DEDB} = {683AB2BC-8B30-4532-98A5-40B8883A2BD0}
		{F1BDC047-6994-48FA-A2DD-BDBDD2D185DC} = {3771303E-0BE2-4FE8-B935-01A381C8E0E9}
		{028A6F40-7FA3-42FA-8E95-2996DD5BA250} = {5CAD3BAB-AFF0-4804-85C0-EA9151235216}
		{1F2A0E5C-28EF-41FE-B4B0-C7166935BE98} = {5CAD3BAB-AFF0-4804-85C0-EA9151235216}
		{1D574323-5700-47A0-8826-A08CFA3E3323} = {41BD96DB-2D3C-44AA-9895-FF687BEB7E1D}
		{8FB1CE11-EE0E-4B37-9B23-4E1CDB50670F} = {CB513041-1C33-4FBE-9771-010FFC9FAAF2}
		{2BD23F32-A6AA-474E-95D3-4BE9A3B5DC9D} = {8388C5E6-6428-4DBB-82CF-9803D576921A}
		{49F3BE5F-6E8D-447C-8976-D789EFC44BDF} = {8388C5E6-6428-4DBB-82CF-9803D576921A}
		{38FC884A-CF57-4CE3-BB81-93B278678C86} = {8388C5E6-6428-4DBB-82CF-9803D576921A}
		{FBAF26F4-FF89-4E66-929C-3EF323017E7C} = {8388C5E6-6428-4DBB-82CF-9803D576921A}
		{431A4FB4-06E7-4A36-BFFB-25B7A880D1EC} = {B623A060-A3E8-45D0-BFBE-784231F01A52}
		{EB73AC74-F277-4809-AC47-1CFDFB646AD1} = {B623A060-A3E8-45D0-BFBE-784231F01A52}
		{E38180E1-3B74-4504-8CD7-4B399270C7D4} = {CC633211-CF56-4064-A92D-DBAA9250A141}
		{4933C8C7-B1F8-4843-9941-6C4B6B4D7B96} = {7EDD871F-019D-4B74-887E-0C24F2689BBC}
		{68D3A479-07BF-4A79-81BE-B761828375DF} = {B657AF5F-972E-4172-8774-F91F2550FFFD}
		{2B57B080-40FB-4229-BC90-77068BAC1704} = {A4F2BA1D-ABD1-496C-BFDB-29D27F36EA93}
		{2293A24E-41F2-4E79-8EDD-034141876472} = {8B4C1EDF-9A29-4E2F-99F7-879B4D6DA295}
		{A2DCB1DF-E1BF-4648-BADF-50FE707B3537} = {8B4C1EDF-9A29-4E2F-99F7-879B4D6DA295}
		{FAD0211A-396D-48F3-9E22-0D7DA5748092} = {F689A117-11E1-471C-80E3-C43C512D3AC2}
		{F11EEAD3-3A06-496B-AD7C-4B4C7E2D147A} = {F689A117-11E1-471C-80E3-C43C512D3AC2}
		{139B756F-3107-434D-874D-D3BFA8F8A238} = {1ADBAB6B-6005-4D36-9574-2A8498F31D45}
		{3CEDF2BE-02C4-4B32-9496-9ACDD5955A95} = {1ADBAB6B-6005-4D36-9574-2A8498F31D45}
		{31C2DD53-9EF3-4458-9359-A20F6D51327F} = {5992F011-F25F-4C84-A2F9-3A49806649D6}
		{B2167F63-D79A-49BE-A710-5B1F5014E198} = {879CDEDA-44F0-4263-9FDB-824DAD2FCDBC}
		{7D6949C2-03F9-4E80-AA77-2B37C5DEE1E7} = {879CDEDA-44F0-4263-9FDB-824DAD2FCDBC}
		{99DBA044-5F2A-4BF3-907A-934C3B84DA07} = {5992F011-F25F-4C84-A2F9-3A49806649D6}
		{490643E6-53C9-45D5-B5F7-A550948C65B0} = {5992F011-F25F-4C84-A2F9-3A49806649D6}
		{2FFF315A-24A7-4AAC-B4B3-1793E71B0331} = {6B72F93B-D154-42F3-9A00-B06131941DF5}
		{A70DFC8E-240E-426E-AB33-63BD53CEADD6} = {6B72F93B-D154-42F3-9A00-B06131941DF5}
		{19DC1ACB-B18D-48F2-AE7D-D9B29ED1165A} = {69148066-CCBF-463D-9BB3-953971FAA628}
		{2046112C-C544-4D0E-A184-B2DF2F69753D} = {69148066-CCBF-463D-9BB3-953971FAA628}
		{54507E74-9275-405A-B68F-94C68BA864F7} = {67CCD972-A59B-4B8E-863D-20ED11B92C52}
		{4F3A2A18-75C3-4B80-9F93-DC990DA52C41} = {F24493D4-A53B-4BFF-906A-952346200FAC}
		{763949AF-3781-4A39-AEEF-CF6083758548} = {6CD9C6C7-2AF2-4517-BC60-7932F640AA5D}
		{B96E8281-DF90-4F15-A962-A58876380D8F} = {6CD9C6C7-2AF2-4517-BC60-7932F640AA5D}
		{82E3EE97-5F4D-4CE3-BB73-831EA3478626} = {67CCD972-A59B-4B8E-863D-20ED11B92C52}
		{32F6C1E7-1BFB-4A7E-90D7-B196C5021F02} = {EAC7FACA-9162-4A1D-8378-F8CC287AF96E}
		{9B031753-9361-428F-BB49-1D62A7944AF4} = {8370F9E1-5D33-42B7-9273-E4085B91858D}
		{B3ECD679-4B39-49A0-A15A-3480012F8F01} = {90DFCE88-8EF4-4E1D-8268-08385AE3A058}
		{C501AAE6-CBF1-4C33-B61E-FC00AA48FA7D} = {8370F9E1-5D33-42B7-9273-E4085B91858D}
		{E14A5E47-8115-409F-AE57-B9B38E49AE2E} = {893A2806-420B-4B3A-91D8-D739B3A05ABE}
		{C2C549CB-E07C-485F-B896-0F54586A78A5} = {CBF40206-890B-4452-9882-3821F72D8BC4}
		{670694A1-A211-49E9-94CD-8FE61EC43C62} = {589E3688-18B7-4017-82A0-85046C35F222}
		{E41F93C7-D9C8-4D0D-BD22-45B2A56F67B3} = {81DE3D70-D784-451A-A723-891784F8F6A9}
		{1C8333CF-E6ED-4B71-85BE-8FD20CDED84F} = {81DE3D70-D784-451A-A723-891784F8F6A9}
		{436BFB0C-53D6-4B3E-8468-6AEAB6AD06F4} = {81DE3D70-D784-451A-A723-891784F8F6A9}
		{A5EB9168-AA7F-4377-99AC-E7AEF9AAC3B5} = {DE62B4BC-544D-4668-B5D1-B7AE69171DE2}
		{1E1A01A4-552C-49E9-8C6A-C3FB0785794E} = {DE62B4BC-544D-4668-B5D1-B7AE69171DE2}
	EndGlobalSection
	GlobalSection(ExtensibilityGlobals) = postSolution
		SolutionGuid = {AB231173-89D4-43F2-880D-F0EE3E23994A}
	EndGlobalSection
EndGlobal
