
Microsoft Visual Studio Solution File, Format Version 12.00
# Visual Studio Version 17
VisualStudioVersion = 17.7.34018.315
MinimumVisualStudioVersion = 10.0.40219.1
Project("{2150E333-8FDC-42A3-9474-1A3956D46DE8}") = "N22", "N22", "{DB912719-F01A-41D8-B764-F6FC36B7B84F}"
EndProject
Project("{FAE04EC0-301F-11D3-BF4B-00C04F79EFBC}") = "N22-HT1", "N22-HT1\N22-HT1.csproj", "{D6E78EDD-6AA1-4162-814F-DF4802F4A007}"
EndProject
Project("{2150E333-8FDC-42A3-9474-1A3956D46DE8}") = "N23", "N23", "{41BD96DB-2D3C-44AA-9895-FF687BEB7E1D}"
EndProject
Project("{FAE04EC0-301F-11D3-BF4B-00C04F79EFBC}") = "N23-HT1", "N23-HT1\N23-HT1.csproj", "{9DEA72DC-2D93-4D5C-B4E1-FECC16FE5654}"
EndProject
Project("{2150E333-8FDC-42A3-9474-1A3956D46DE8}") = "N24", "N24", "{9CCFD6FF-FA00-4476-AB2F-A0D51692548F}"
EndProject
Project("{FAE04EC0-301F-11D3-BF4B-00C04F79EFBC}") = "N24-HT1", "N24-HT1\N24-HT1.csproj", "{6522F93A-B4E3-4AF0-9CA4-B0A25570A76D}"
EndProject
Project("{2150E333-8FDC-42A3-9474-1A3956D46DE8}") = "N25", "N25", "{CB513041-1C33-4FBE-9771-010FFC9FAAF2}"
EndProject
Project("{2150E333-8FDC-42A3-9474-1A3956D46DE8}") = "N26", "N26", "{9F594948-738C-411A-8903-12D3FD6A59A7}"
EndProject
Project("{2150E333-8FDC-42A3-9474-1A3956D46DE8}") = "N27", "N27", "{905570E2-A51F-4EC2-A3E9-5360F71BD995}"
EndProject
Project("{2150E333-8FDC-42A3-9474-1A3956D46DE8}") = "N28", "N28", "{BF53DA58-EC1C-4EA2-BD31-4AC86C95E91B}"
EndProject
Project("{2150E333-8FDC-42A3-9474-1A3956D46DE8}") = "N29", "N29", "{683AB2BC-8B30-4532-98A5-40B8883A2BD0}"
EndProject
Project("{2150E333-8FDC-42A3-9474-1A3956D46DE8}") = "N30", "N30", "{3771303E-0BE2-4FE8-B935-01A381C8E0E9}"
EndProject
Project("{FAE04EC0-301F-11D3-BF4B-00C04F79EFBC}") = "N22-HT2", "N22-HT2\N22-HT2.csproj", "{AE121DD8-EF54-41FA-B2DD-76E55EB6C437}"
EndProject
Global
	GlobalSection(SolutionConfigurationPlatforms) = preSolution
		Debug|Any CPU = Debug|Any CPU
		Release|Any CPU = Release|Any CPU
	EndGlobalSection
	GlobalSection(ProjectConfigurationPlatforms) = postSolution
		{D6E78EDD-6AA1-4162-814F-DF4802F4A007}.Debug|Any CPU.ActiveCfg = Debug|Any CPU
		{D6E78EDD-6AA1-4162-814F-DF4802F4A007}.Debug|Any CPU.Build.0 = Debug|Any CPU
		{D6E78EDD-6AA1-4162-814F-DF4802F4A007}.Release|Any CPU.ActiveCfg = Release|Any CPU
		{D6E78EDD-6AA1-4162-814F-DF4802F4A007}.Release|Any CPU.Build.0 = Release|Any CPU
		{9DEA72DC-2D93-4D5C-B4E1-FECC16FE5654}.Debug|Any CPU.ActiveCfg = Debug|Any CPU
		{9DEA72DC-2D93-4D5C-B4E1-FECC16FE5654}.Debug|Any CPU.Build.0 = Debug|Any CPU
		{9DEA72DC-2D93-4D5C-B4E1-FECC16FE5654}.Release|Any CPU.ActiveCfg = Release|Any CPU
		{9DEA72DC-2D93-4D5C-B4E1-FECC16FE5654}.Release|Any CPU.Build.0 = Release|Any CPU
		{6522F93A-B4E3-4AF0-9CA4-B0A25570A76D}.Debug|Any CPU.ActiveCfg = Debug|Any CPU
		{6522F93A-B4E3-4AF0-9CA4-B0A25570A76D}.Debug|Any CPU.Build.0 = Debug|Any CPU
		{6522F93A-B4E3-4AF0-9CA4-B0A25570A76D}.Release|Any CPU.ActiveCfg = Release|Any CPU
		{6522F93A-B4E3-4AF0-9CA4-B0A25570A76D}.Release|Any CPU.Build.0 = Release|Any CPU
		{AE121DD8-EF54-41FA-B2DD-76E55EB6C437}.Debug|Any CPU.ActiveCfg = Debug|Any CPU
		{AE121DD8-EF54-41FA-B2DD-76E55EB6C437}.Debug|Any CPU.Build.0 = Debug|Any CPU
		{AE121DD8-EF54-41FA-B2DD-76E55EB6C437}.Release|Any CPU.ActiveCfg = Release|Any CPU
		{AE121DD8-EF54-41FA-B2DD-76E55EB6C437}.Release|Any CPU.Build.0 = Release|Any CPU
	EndGlobalSection
	GlobalSection(SolutionProperties) = preSolution
		HideSolutionNode = FALSE
	EndGlobalSection
	GlobalSection(NestedProjects) = preSolution
		{D6E78EDD-6AA1-4162-814F-DF4802F4A007} = {DB912719-F01A-41D8-B764-F6FC36B7B84F}
		{9DEA72DC-2D93-4D5C-B4E1-FECC16FE5654} = {41BD96DB-2D3C-44AA-9895-FF687BEB7E1D}
		{6522F93A-B4E3-4AF0-9CA4-B0A25570A76D} = {9CCFD6FF-FA00-4476-AB2F-A0D51692548F}
		{AE121DD8-EF54-41FA-B2DD-76E55EB6C437} = {DB912719-F01A-41D8-B764-F6FC36B7B84F}
	EndGlobalSection
	GlobalSection(ExtensibilityGlobals) = postSolution
		SolutionGuid = {AB231173-89D4-43F2-880D-F0EE3E23994A}
	EndGlobalSection
EndGlobal
