
Microsoft Visual Studio Solution File, Format Version 12.00
# Visual Studio Version 17
VisualStudioVersion = 17.7.34018.315
MinimumVisualStudioVersion = 10.0.40219.1
Project("{2150E333-8FDC-42A3-9474-1A3956D46DE8}") = "N22", "N22", "{DB912719-F01A-41D8-B764-F6FC36B7B84F}"
EndProject
Project("{9A19103F-16F7-4668-BE54-9A1E7A4F7556}") = "N22-HT1", "N22-HT1\N22-HT1.csproj", "{D6E78EDD-6AA1-4162-814F-DF4802F4A007}"
EndProject
Project("{2150E333-8FDC-42A3-9474-1A3956D46DE8}") = "N23", "N23", "{41BD96DB-2D3C-44AA-9895-FF687BEB7E1D}"
EndProject
Project("{9A19103F-16F7-4668-BE54-9A1E7A4F7556}") = "N23-HT1", "N23-HT1\N23-HT1.csproj", "{9DEA72DC-2D93-4D5C-B4E1-FECC16FE5654}"
EndProject
Project("{2150E333-8FDC-42A3-9474-1A3956D46DE8}") = "N24", "N24", "{9CCFD6FF-FA00-4476-AB2F-A0D51692548F}"
EndProject
Project("{9A19103F-16F7-4668-BE54-9A1E7A4F7556}") = "N24-HT1", "N24-HT1\N24-HT1.csproj", "{6522F93A-B4E3-4AF0-9CA4-B0A25570A76D}"
EndProject
Project("{2150E333-8FDC-42A3-9474-1A3956D46DE8}") = "N25", "N25", "{CB513041-1C33-4FBE-9771-010FFC9FAAF2}"
EndProject
Project("{2150E333-8FDC-42A3-9474-1A3956D46DE8}") = "N26", "N26", "{9F594948-738C-411A-8903-12D3FD6A59A7}"
EndProject
Project("{2150E333-8FDC-42A3-9474-1A3956D46DE8}") = "N27", "N27", "{905570E2-A51F-4EC2-A3E9-5360F71BD995}"
EndProject
Project("{2150E333-8FDC-42A3-9474-1A3956D46DE8}") = "N28", "N28", "{BF53DA58-EC1C-4EA2-BD31-4AC86C95E91B}"
EndProject
Project("{2150E333-8FDC-42A3-9474-1A3956D46DE8}") = "N29", "N29", "{683AB2BC-8B30-4532-98A5-40B8883A2BD0}"
EndProject
Project("{2150E333-8FDC-42A3-9474-1A3956D46DE8}") = "N30", "N30", "{3771303E-0BE2-4FE8-B935-01A381C8E0E9}"
EndProject
Project("{9A19103F-16F7-4668-BE54-9A1E7A4F7556}") = "N22-HT2", "N22-HT2\N22-HT2.csproj", "{AE121DD8-EF54-41FA-B2DD-76E55EB6C437}"
EndProject
Project("{9A19103F-16F7-4668-BE54-9A1E7A4F7556}") = "N29-HT1", "N29-HT1\N29-HT1.csproj", "{F79E8CC3-BBE3-49FC-8292-8CE7454BEEA5}"
EndProject
Project("{9A19103F-16F7-4668-BE54-9A1E7A4F7556}") = "N29-HT2", "N29-HT2\N29-HT2.csproj", "{CB1BE8C7-9A07-4832-8A2F-9C702AE6DEDB}"
EndProject
Project("{9A19103F-16F7-4668-BE54-9A1E7A4F7556}") = "N30-CT1", "N30-CT1\N30-CT1.csproj", "{F1BDC047-6994-48FA-A2DD-BDBDD2D185DC}"
EndProject
Project("{2150E333-8FDC-42A3-9474-1A3956D46DE8}") = "N31", "N31", "{5CAD3BAB-AFF0-4804-85C0-EA9151235216}"
EndProject
Project("{9A19103F-16F7-4668-BE54-9A1E7A4F7556}") = "N31-T1", "N30-T1\N31-T1.csproj", "{028A6F40-7FA3-42FA-8E95-2996DD5BA250}"
EndProject
Project("{9A19103F-16F7-4668-BE54-9A1E7A4F7556}") = "N31-T2", "N31-T2\N31-T2.csproj", "{1F2A0E5C-28EF-41FE-B4B0-C7166935BE98}"
EndProject
Project("{9A19103F-16F7-4668-BE54-9A1E7A4F7556}") = "N23-HT2-1", "N23-HT2-1\N23-HT2-1.csproj", "{1D574323-5700-47A0-8826-A08CFA3E3323}"
EndProject
Project("{9A19103F-16F7-4668-BE54-9A1E7A4F7556}") = "N25-HT1", "N25-HT1\N25-HT1.csproj", "{8FB1CE11-EE0E-4B37-9B23-4E1CDB50670F}"
EndProject
Project("{2150E333-8FDC-42A3-9474-1A3956D46DE8}") = "N32", "N32", "{8388C5E6-6428-4DBB-82CF-9803D576921A}"
EndProject
Project("{9A19103F-16F7-4668-BE54-9A1E7A4F7556}") = "N32-T1", "N31-T1\N32-T1.csproj", "{2BD23F32-A6AA-474E-95D3-4BE9A3B5DC9D}"
EndProject
Project("{9A19103F-16F7-4668-BE54-9A1E7A4F7556}") = "N32-T2", "N32-T2\N32-T2.csproj", "{49F3BE5F-6E8D-447C-8976-D789EFC44BDF}"
EndProject
Project("{9A19103F-16F7-4668-BE54-9A1E7A4F7556}") = "N32-T2-1", "N32-T2.1\N32-T2-1.csproj", "{38FC884A-CF57-4CE3-BB81-93B278678C86}"
EndProject
Project("{9A19103F-16F7-4668-BE54-9A1E7A4F7556}") = "N32-T3", "N30-T3\N32-T3.csproj", "{FBAF26F4-FF89-4E66-929C-3EF323017E7C}"
EndProject
Project("{2150E333-8FDC-42A3-9474-1A3956D46DE8}") = "N17", "N17", "{B623A060-A3E8-45D0-BFBE-784231F01A52}"
EndProject
Project("{9A19103F-16F7-4668-BE54-9A1E7A4F7556}") = "N17-HT1", "N17-HT1\N17-HT1.csproj", "{431A4FB4-06E7-4A36-BFFB-25B7A880D1EC}"
EndProject
Project("{9A19103F-16F7-4668-BE54-9A1E7A4F7556}") = "N17-HT2", "N17-HT2\N17-HT2.csproj", "{EB73AC74-F277-4809-AC47-1CFDFB646AD1}"
EndProject
Project("{2150E333-8FDC-42A3-9474-1A3956D46DE8}") = "N18", "N18", "{B0EDC580-06CE-4176-9E90-40DE3BFA5FEF}"
EndProject
Project("{2150E333-8FDC-42A3-9474-1A3956D46DE8}") = "N19", "N19", "{59CC88CE-69C8-4238-A8FA-D85D7EE52FFC}"
EndProject
Project("{2150E333-8FDC-42A3-9474-1A3956D46DE8}") = "Exam_Quession", "Exam_Quession", "{CC633211-CF56-4064-A92D-DBAA9250A141}"
EndProject
Project("{9A19103F-16F7-4668-BE54-9A1E7A4F7556}") = "test_1", "test_1\test_1.csproj", "{E38180E1-3B74-4504-8CD7-4B399270C7D4}"
EndProject
Project("{2150E333-8FDC-42A3-9474-1A3956D46DE8}") = "N33", "N33", "{B657AF5F-972E-4172-8774-F91F2550FFFD}"
EndProject
Project("{2150E333-8FDC-42A3-9474-1A3956D46DE8}") = "N34", "N34", "{7EDD871F-019D-4B74-887E-0C24F2689BBC}"
EndProject
Project("{9A19103F-16F7-4668-BE54-9A1E7A4F7556}") = "N34-HT1-30.08.2023", "N34-HT1-30.08.2023\N34-HT1-30.08.2023.csproj", "{4933C8C7-B1F8-4843-9941-6C4B6B4D7B96}"
EndProject
Project("{2150E333-8FDC-42A3-9474-1A3956D46DE8}") = "N40", "N40", "{879CDEDA-44F0-4263-9FDB-824DAD2FCDBC}"
EndProject
Project("{2150E333-8FDC-42A3-9474-1A3956D46DE8}") = "N41", "N41", "{69148066-CCBF-463D-9BB3-953971FAA628}"
EndProject
Project("{2150E333-8FDC-42A3-9474-1A3956D46DE8}") = "N42", "N42", "{86A027D6-AFF4-4925-8B9D-F6C485C38159}"
EndProject
Project("{9A19103F-16F7-4668-BE54-9A1E7A4F7556}") = "N33-T1", "N33-T1\N33-T1.csproj", "{68D3A479-07BF-4A79-81BE-B761828375DF}"
EndProject
Project("{2150E333-8FDC-42A3-9474-1A3956D46DE8}") = "N35", "N35", "{A4F2BA1D-ABD1-496C-BFDB-29D27F36EA93}"
EndProject
Project("{9A19103F-16F7-4668-BE54-9A1E7A4F7556}") = "Record", "Record\Record.csproj", "{2B57B080-40FB-4229-BC90-77068BAC1704}"
EndProject
Project("{2150E333-8FDC-42A3-9474-1A3956D46DE8}") = "N36", "N36", "{8B4C1EDF-9A29-4E2F-99F7-879B4D6DA295}"
EndProject
Project("{9A19103F-16F7-4668-BE54-9A1E7A4F7556}") = "N36-HT1", "N36-HT1\N36-HT1.csproj", "{2293A24E-41F2-4E79-8EDD-034141876472}"
EndProject
Project("{9A19103F-16F7-4668-BE54-9A1E7A4F7556}") = "N36-HT2", "N36-HT2\N36-HT2.csproj", "{A2DCB1DF-E1BF-4648-BADF-50FE707B3537}"
EndProject
Project("{2150E333-8FDC-42A3-9474-1A3956D46DE8}") = "N37", "N37", "{F689A117-11E1-471C-80E3-C43C512D3AC2}"
EndProject
Project("{9A19103F-16F7-4668-BE54-9A1E7A4F7556}") = "N37-T1", "N37-T1\N37-T1.csproj", "{FAD0211A-396D-48F3-9E22-0D7DA5748092}"
EndProject
Project("{2150E333-8FDC-42A3-9474-1A3956D46DE8}") = "N38", "N38", "{1ADBAB6B-6005-4D36-9574-2A8498F31D45}"
EndProject
Project("{2150E333-8FDC-42A3-9474-1A3956D46DE8}") = "N39", "N39", "{5992F011-F25F-4C84-A2F9-3A49806649D6}"
EndProject
Project("{9A19103F-16F7-4668-BE54-9A1E7A4F7556}") = "N37-HT1", "N37-HT1\N37-HT1.csproj", "{F11EEAD3-3A06-496B-AD7C-4B4C7E2D147A}"
EndProject
Project("{9A19103F-16F7-4668-BE54-9A1E7A4F7556}") = "N38-HT1", "N38-HT1\N38-HT1.csproj", "{139B756F-3107-434D-874D-D3BFA8F8A238}"
EndProject
Project("{9A19103F-16F7-4668-BE54-9A1E7A4F7556}") = "N38-HT2", "N38-HT2\N38-HT2.csproj", "{3CEDF2BE-02C4-4B32-9496-9ACDD5955A95}"
EndProject
Project("{2150E333-8FDC-42A3-9474-1A3956D46DE8}") = "N43", "N43", "{6B72F93B-D154-42F3-9A00-B06131941DF5}"
EndProject
Project("{9A19103F-16F7-4668-BE54-9A1E7A4F7556}") = "N39-T1", "N39-T1\N39-T1.csproj", "{31C2DD53-9EF3-4458-9359-A20F6D51327F}"
EndProject
Project("{9A19103F-16F7-4668-BE54-9A1E7A4F7556}") = "N40-N10Test", "N40-N10Test\N40-N10Test.csproj", "{B2167F63-D79A-49BE-A710-5B1F5014E198}"
EndProject
Project("{9A19103F-16F7-4668-BE54-9A1E7A4F7556}") = "N40T1", "N40T1\N40T1.csproj", "{7D6949C2-03F9-4E80-AA77-2B37C5DEE1E7}"
EndProject
Project("{FAE04EC0-301F-11D3-BF4B-00C04F79EFBC}") = "N39-HT1", "N39-HT1\N39-HT1.csproj", "{99DBA044-5F2A-4BF3-907A-934C3B84DA07}"
EndProject
Global
	GlobalSection(SolutionConfigurationPlatforms) = preSolution
		Debug|Any CPU = Debug|Any CPU
		Release|Any CPU = Release|Any CPU
	EndGlobalSection
	GlobalSection(ProjectConfigurationPlatforms) = postSolution
		{D6E78EDD-6AA1-4162-814F-DF4802F4A007}.Debug|Any CPU.ActiveCfg = Debug|Any CPU
		{D6E78EDD-6AA1-4162-814F-DF4802F4A007}.Debug|Any CPU.Build.0 = Debug|Any CPU
		{D6E78EDD-6AA1-4162-814F-DF4802F4A007}.Release|Any CPU.ActiveCfg = Release|Any CPU
		{D6E78EDD-6AA1-4162-814F-DF4802F4A007}.Release|Any CPU.Build.0 = Release|Any CPU
		{9DEA72DC-2D93-4D5C-B4E1-FECC16FE5654}.Debug|Any CPU.ActiveCfg = Debug|Any CPU
		{9DEA72DC-2D93-4D5C-B4E1-FECC16FE5654}.Debug|Any CPU.Build.0 = Debug|Any CPU
		{9DEA72DC-2D93-4D5C-B4E1-FECC16FE5654}.Release|Any CPU.ActiveCfg = Release|Any CPU
		{9DEA72DC-2D93-4D5C-B4E1-FECC16FE5654}.Release|Any CPU.Build.0 = Release|Any CPU
		{6522F93A-B4E3-4AF0-9CA4-B0A25570A76D}.Debug|Any CPU.ActiveCfg = Debug|Any CPU
		{6522F93A-B4E3-4AF0-9CA4-B0A25570A76D}.Debug|Any CPU.Build.0 = Debug|Any CPU
		{6522F93A-B4E3-4AF0-9CA4-B0A25570A76D}.Release|Any CPU.ActiveCfg = Release|Any CPU
		{6522F93A-B4E3-4AF0-9CA4-B0A25570A76D}.Release|Any CPU.Build.0 = Release|Any CPU
		{AE121DD8-EF54-41FA-B2DD-76E55EB6C437}.Debug|Any CPU.ActiveCfg = Debug|Any CPU
		{AE121DD8-EF54-41FA-B2DD-76E55EB6C437}.Debug|Any CPU.Build.0 = Debug|Any CPU
		{AE121DD8-EF54-41FA-B2DD-76E55EB6C437}.Release|Any CPU.ActiveCfg = Release|Any CPU
		{AE121DD8-EF54-41FA-B2DD-76E55EB6C437}.Release|Any CPU.Build.0 = Release|Any CPU
		{F79E8CC3-BBE3-49FC-8292-8CE7454BEEA5}.Debug|Any CPU.ActiveCfg = Debug|Any CPU
		{F79E8CC3-BBE3-49FC-8292-8CE7454BEEA5}.Debug|Any CPU.Build.0 = Debug|Any CPU
		{F79E8CC3-BBE3-49FC-8292-8CE7454BEEA5}.Release|Any CPU.ActiveCfg = Release|Any CPU
		{F79E8CC3-BBE3-49FC-8292-8CE7454BEEA5}.Release|Any CPU.Build.0 = Release|Any CPU
		{CB1BE8C7-9A07-4832-8A2F-9C702AE6DEDB}.Debug|Any CPU.ActiveCfg = Debug|Any CPU
		{CB1BE8C7-9A07-4832-8A2F-9C702AE6DEDB}.Debug|Any CPU.Build.0 = Debug|Any CPU
		{CB1BE8C7-9A07-4832-8A2F-9C702AE6DEDB}.Release|Any CPU.ActiveCfg = Release|Any CPU
		{CB1BE8C7-9A07-4832-8A2F-9C702AE6DEDB}.Release|Any CPU.Build.0 = Release|Any CPU
		{F1BDC047-6994-48FA-A2DD-BDBDD2D185DC}.Debug|Any CPU.ActiveCfg = Debug|Any CPU
		{F1BDC047-6994-48FA-A2DD-BDBDD2D185DC}.Debug|Any CPU.Build.0 = Debug|Any CPU
		{F1BDC047-6994-48FA-A2DD-BDBDD2D185DC}.Release|Any CPU.ActiveCfg = Release|Any CPU
		{F1BDC047-6994-48FA-A2DD-BDBDD2D185DC}.Release|Any CPU.Build.0 = Release|Any CPU
		{028A6F40-7FA3-42FA-8E95-2996DD5BA250}.Debug|Any CPU.ActiveCfg = Debug|Any CPU
		{028A6F40-7FA3-42FA-8E95-2996DD5BA250}.Debug|Any CPU.Build.0 = Debug|Any CPU
		{028A6F40-7FA3-42FA-8E95-2996DD5BA250}.Release|Any CPU.ActiveCfg = Release|Any CPU
		{028A6F40-7FA3-42FA-8E95-2996DD5BA250}.Release|Any CPU.Build.0 = Release|Any CPU
		{1F2A0E5C-28EF-41FE-B4B0-C7166935BE98}.Debug|Any CPU.ActiveCfg = Debug|Any CPU
		{1F2A0E5C-28EF-41FE-B4B0-C7166935BE98}.Debug|Any CPU.Build.0 = Debug|Any CPU
		{1F2A0E5C-28EF-41FE-B4B0-C7166935BE98}.Release|Any CPU.ActiveCfg = Release|Any CPU
		{1F2A0E5C-28EF-41FE-B4B0-C7166935BE98}.Release|Any CPU.Build.0 = Release|Any CPU
		{1D574323-5700-47A0-8826-A08CFA3E3323}.Debug|Any CPU.ActiveCfg = Debug|Any CPU
		{1D574323-5700-47A0-8826-A08CFA3E3323}.Debug|Any CPU.Build.0 = Debug|Any CPU
		{1D574323-5700-47A0-8826-A08CFA3E3323}.Release|Any CPU.ActiveCfg = Release|Any CPU
		{1D574323-5700-47A0-8826-A08CFA3E3323}.Release|Any CPU.Build.0 = Release|Any CPU
		{8FB1CE11-EE0E-4B37-9B23-4E1CDB50670F}.Debug|Any CPU.ActiveCfg = Debug|Any CPU
		{8FB1CE11-EE0E-4B37-9B23-4E1CDB50670F}.Debug|Any CPU.Build.0 = Debug|Any CPU
		{8FB1CE11-EE0E-4B37-9B23-4E1CDB50670F}.Release|Any CPU.ActiveCfg = Release|Any CPU
		{8FB1CE11-EE0E-4B37-9B23-4E1CDB50670F}.Release|Any CPU.Build.0 = Release|Any CPU
		{2BD23F32-A6AA-474E-95D3-4BE9A3B5DC9D}.Debug|Any CPU.ActiveCfg = Debug|Any CPU
		{2BD23F32-A6AA-474E-95D3-4BE9A3B5DC9D}.Debug|Any CPU.Build.0 = Debug|Any CPU
		{2BD23F32-A6AA-474E-95D3-4BE9A3B5DC9D}.Release|Any CPU.ActiveCfg = Release|Any CPU
		{2BD23F32-A6AA-474E-95D3-4BE9A3B5DC9D}.Release|Any CPU.Build.0 = Release|Any CPU
		{49F3BE5F-6E8D-447C-8976-D789EFC44BDF}.Debug|Any CPU.ActiveCfg = Debug|Any CPU
		{49F3BE5F-6E8D-447C-8976-D789EFC44BDF}.Debug|Any CPU.Build.0 = Debug|Any CPU
		{49F3BE5F-6E8D-447C-8976-D789EFC44BDF}.Release|Any CPU.ActiveCfg = Release|Any CPU
		{49F3BE5F-6E8D-447C-8976-D789EFC44BDF}.Release|Any CPU.Build.0 = Release|Any CPU
		{38FC884A-CF57-4CE3-BB81-93B278678C86}.Debug|Any CPU.ActiveCfg = Debug|Any CPU
		{38FC884A-CF57-4CE3-BB81-93B278678C86}.Debug|Any CPU.Build.0 = Debug|Any CPU
		{38FC884A-CF57-4CE3-BB81-93B278678C86}.Release|Any CPU.ActiveCfg = Release|Any CPU
		{38FC884A-CF57-4CE3-BB81-93B278678C86}.Release|Any CPU.Build.0 = Release|Any CPU
		{FBAF26F4-FF89-4E66-929C-3EF323017E7C}.Debug|Any CPU.ActiveCfg = Debug|Any CPU
		{FBAF26F4-FF89-4E66-929C-3EF323017E7C}.Debug|Any CPU.Build.0 = Debug|Any CPU
		{FBAF26F4-FF89-4E66-929C-3EF323017E7C}.Release|Any CPU.ActiveCfg = Release|Any CPU
		{FBAF26F4-FF89-4E66-929C-3EF323017E7C}.Release|Any CPU.Build.0 = Release|Any CPU
		{431A4FB4-06E7-4A36-BFFB-25B7A880D1EC}.Debug|Any CPU.ActiveCfg = Debug|Any CPU
		{431A4FB4-06E7-4A36-BFFB-25B7A880D1EC}.Debug|Any CPU.Build.0 = Debug|Any CPU
		{431A4FB4-06E7-4A36-BFFB-25B7A880D1EC}.Release|Any CPU.ActiveCfg = Release|Any CPU
		{431A4FB4-06E7-4A36-BFFB-25B7A880D1EC}.Release|Any CPU.Build.0 = Release|Any CPU
		{EB73AC74-F277-4809-AC47-1CFDFB646AD1}.Debug|Any CPU.ActiveCfg = Debug|Any CPU
		{EB73AC74-F277-4809-AC47-1CFDFB646AD1}.Debug|Any CPU.Build.0 = Debug|Any CPU
		{EB73AC74-F277-4809-AC47-1CFDFB646AD1}.Release|Any CPU.ActiveCfg = Release|Any CPU
		{EB73AC74-F277-4809-AC47-1CFDFB646AD1}.Release|Any CPU.Build.0 = Release|Any CPU
		{E38180E1-3B74-4504-8CD7-4B399270C7D4}.Debug|Any CPU.ActiveCfg = Debug|Any CPU
		{E38180E1-3B74-4504-8CD7-4B399270C7D4}.Debug|Any CPU.Build.0 = Debug|Any CPU
		{E38180E1-3B74-4504-8CD7-4B399270C7D4}.Release|Any CPU.ActiveCfg = Release|Any CPU
		{E38180E1-3B74-4504-8CD7-4B399270C7D4}.Release|Any CPU.Build.0 = Release|Any CPU
		{4933C8C7-B1F8-4843-9941-6C4B6B4D7B96}.Debug|Any CPU.ActiveCfg = Debug|Any CPU
		{4933C8C7-B1F8-4843-9941-6C4B6B4D7B96}.Debug|Any CPU.Build.0 = Debug|Any CPU
		{4933C8C7-B1F8-4843-9941-6C4B6B4D7B96}.Release|Any CPU.ActiveCfg = Release|Any CPU
		{4933C8C7-B1F8-4843-9941-6C4B6B4D7B96}.Release|Any CPU.Build.0 = Release|Any CPU
		{68D3A479-07BF-4A79-81BE-B761828375DF}.Debug|Any CPU.ActiveCfg = Debug|Any CPU
		{68D3A479-07BF-4A79-81BE-B761828375DF}.Debug|Any CPU.Build.0 = Debug|Any CPU
		{68D3A479-07BF-4A79-81BE-B761828375DF}.Release|Any CPU.ActiveCfg = Release|Any CPU
		{68D3A479-07BF-4A79-81BE-B761828375DF}.Release|Any CPU.Build.0 = Release|Any CPU
		{2B57B080-40FB-4229-BC90-77068BAC1704}.Debug|Any CPU.ActiveCfg = Debug|Any CPU
		{2B57B080-40FB-4229-BC90-77068BAC1704}.Debug|Any CPU.Build.0 = Debug|Any CPU
		{2B57B080-40FB-4229-BC90-77068BAC1704}.Release|Any CPU.ActiveCfg = Release|Any CPU
		{2B57B080-40FB-4229-BC90-77068BAC1704}.Release|Any CPU.Build.0 = Release|Any CPU
		{2293A24E-41F2-4E79-8EDD-034141876472}.Debug|Any CPU.ActiveCfg = Debug|Any CPU
		{2293A24E-41F2-4E79-8EDD-034141876472}.Debug|Any CPU.Build.0 = Debug|Any CPU
		{2293A24E-41F2-4E79-8EDD-034141876472}.Release|Any CPU.ActiveCfg = Release|Any CPU
		{2293A24E-41F2-4E79-8EDD-034141876472}.Release|Any CPU.Build.0 = Release|Any CPU
		{A2DCB1DF-E1BF-4648-BADF-50FE707B3537}.Debug|Any CPU.ActiveCfg = Debug|Any CPU
		{A2DCB1DF-E1BF-4648-BADF-50FE707B3537}.Debug|Any CPU.Build.0 = Debug|Any CPU
		{A2DCB1DF-E1BF-4648-BADF-50FE707B3537}.Release|Any CPU.ActiveCfg = Release|Any CPU
		{A2DCB1DF-E1BF-4648-BADF-50FE707B3537}.Release|Any CPU.Build.0 = Release|Any CPU
		{FAD0211A-396D-48F3-9E22-0D7DA5748092}.Debug|Any CPU.ActiveCfg = Debug|Any CPU
		{FAD0211A-396D-48F3-9E22-0D7DA5748092}.Debug|Any CPU.Build.0 = Debug|Any CPU
		{FAD0211A-396D-48F3-9E22-0D7DA5748092}.Release|Any CPU.ActiveCfg = Release|Any CPU
		{FAD0211A-396D-48F3-9E22-0D7DA5748092}.Release|Any CPU.Build.0 = Release|Any CPU
		{F11EEAD3-3A06-496B-AD7C-4B4C7E2D147A}.Debug|Any CPU.ActiveCfg = Debug|Any CPU
		{F11EEAD3-3A06-496B-AD7C-4B4C7E2D147A}.Debug|Any CPU.Build.0 = Debug|Any CPU
		{F11EEAD3-3A06-496B-AD7C-4B4C7E2D147A}.Release|Any CPU.ActiveCfg = Release|Any CPU
		{F11EEAD3-3A06-496B-AD7C-4B4C7E2D147A}.Release|Any CPU.Build.0 = Release|Any CPU
		{139B756F-3107-434D-874D-D3BFA8F8A238}.Debug|Any CPU.ActiveCfg = Debug|Any CPU
		{139B756F-3107-434D-874D-D3BFA8F8A238}.Debug|Any CPU.Build.0 = Debug|Any CPU
		{139B756F-3107-434D-874D-D3BFA8F8A238}.Release|Any CPU.ActiveCfg = Release|Any CPU
		{139B756F-3107-434D-874D-D3BFA8F8A238}.Release|Any CPU.Build.0 = Release|Any CPU
		{3CEDF2BE-02C4-4B32-9496-9ACDD5955A95}.Debug|Any CPU.ActiveCfg = Debug|Any CPU
		{3CEDF2BE-02C4-4B32-9496-9ACDD5955A95}.Debug|Any CPU.Build.0 = Debug|Any CPU
		{3CEDF2BE-02C4-4B32-9496-9ACDD5955A95}.Release|Any CPU.ActiveCfg = Release|Any CPU
		{3CEDF2BE-02C4-4B32-9496-9ACDD5955A95}.Release|Any CPU.Build.0 = Release|Any CPU
		{31C2DD53-9EF3-4458-9359-A20F6D51327F}.Debug|Any CPU.ActiveCfg = Debug|Any CPU
		{31C2DD53-9EF3-4458-9359-A20F6D51327F}.Debug|Any CPU.Build.0 = Debug|Any CPU
		{31C2DD53-9EF3-4458-9359-A20F6D51327F}.Release|Any CPU.ActiveCfg = Release|Any CPU
		{31C2DD53-9EF3-4458-9359-A20F6D51327F}.Release|Any CPU.Build.0 = Release|Any CPU
		{B2167F63-D79A-49BE-A710-5B1F5014E198}.Debug|Any CPU.ActiveCfg = Debug|Any CPU
		{B2167F63-D79A-49BE-A710-5B1F5014E198}.Debug|Any CPU.Build.0 = Debug|Any CPU
		{B2167F63-D79A-49BE-A710-5B1F5014E198}.Release|Any CPU.ActiveCfg = Release|Any CPU
		{B2167F63-D79A-49BE-A710-5B1F5014E198}.Release|Any CPU.Build.0 = Release|Any CPU
		{7D6949C2-03F9-4E80-AA77-2B37C5DEE1E7}.Debug|Any CPU.ActiveCfg = Debug|Any CPU
		{7D6949C2-03F9-4E80-AA77-2B37C5DEE1E7}.Debug|Any CPU.Build.0 = Debug|Any CPU
		{7D6949C2-03F9-4E80-AA77-2B37C5DEE1E7}.Release|Any CPU.ActiveCfg = Release|Any CPU
		{7D6949C2-03F9-4E80-AA77-2B37C5DEE1E7}.Release|Any CPU.Build.0 = Release|Any CPU
		{99DBA044-5F2A-4BF3-907A-934C3B84DA07}.Debug|Any CPU.ActiveCfg = Debug|Any CPU
		{99DBA044-5F2A-4BF3-907A-934C3B84DA07}.Debug|Any CPU.Build.0 = Debug|Any CPU
		{99DBA044-5F2A-4BF3-907A-934C3B84DA07}.Release|Any CPU.ActiveCfg = Release|Any CPU
		{99DBA044-5F2A-4BF3-907A-934C3B84DA07}.Release|Any CPU.Build.0 = Release|Any CPU
	EndGlobalSection
	GlobalSection(SolutionProperties) = preSolution
		HideSolutionNode = FALSE
	EndGlobalSection
	GlobalSection(NestedProjects) = preSolution
		{D6E78EDD-6AA1-4162-814F-DF4802F4A007} = {DB912719-F01A-41D8-B764-F6FC36B7B84F}
		{9DEA72DC-2D93-4D5C-B4E1-FECC16FE5654} = {41BD96DB-2D3C-44AA-9895-FF687BEB7E1D}
		{6522F93A-B4E3-4AF0-9CA4-B0A25570A76D} = {9CCFD6FF-FA00-4476-AB2F-A0D51692548F}
		{AE121DD8-EF54-41FA-B2DD-76E55EB6C437} = {DB912719-F01A-41D8-B764-F6FC36B7B84F}
		{F79E8CC3-BBE3-49FC-8292-8CE7454BEEA5} = {683AB2BC-8B30-4532-98A5-40B8883A2BD0}
		{CB1BE8C7-9A07-4832-8A2F-9C702AE6DEDB} = {683AB2BC-8B30-4532-98A5-40B8883A2BD0}
		{F1BDC047-6994-48FA-A2DD-BDBDD2D185DC} = {3771303E-0BE2-4FE8-B935-01A381C8E0E9}
		{028A6F40-7FA3-42FA-8E95-2996DD5BA250} = {5CAD3BAB-AFF0-4804-85C0-EA9151235216}
		{1F2A0E5C-28EF-41FE-B4B0-C7166935BE98} = {5CAD3BAB-AFF0-4804-85C0-EA9151235216}
		{1D574323-5700-47A0-8826-A08CFA3E3323} = {41BD96DB-2D3C-44AA-9895-FF687BEB7E1D}
		{8FB1CE11-EE0E-4B37-9B23-4E1CDB50670F} = {CB513041-1C33-4FBE-9771-010FFC9FAAF2}
		{2BD23F32-A6AA-474E-95D3-4BE9A3B5DC9D} = {8388C5E6-6428-4DBB-82CF-9803D576921A}
		{49F3BE5F-6E8D-447C-8976-D789EFC44BDF} = {8388C5E6-6428-4DBB-82CF-9803D576921A}
		{38FC884A-CF57-4CE3-BB81-93B278678C86} = {8388C5E6-6428-4DBB-82CF-9803D576921A}
		{FBAF26F4-FF89-4E66-929C-3EF323017E7C} = {8388C5E6-6428-4DBB-82CF-9803D576921A}
		{431A4FB4-06E7-4A36-BFFB-25B7A880D1EC} = {B623A060-A3E8-45D0-BFBE-784231F01A52}
		{EB73AC74-F277-4809-AC47-1CFDFB646AD1} = {B623A060-A3E8-45D0-BFBE-784231F01A52}
		{E38180E1-3B74-4504-8CD7-4B399270C7D4} = {CC633211-CF56-4064-A92D-DBAA9250A141}
		{4933C8C7-B1F8-4843-9941-6C4B6B4D7B96} = {7EDD871F-019D-4B74-887E-0C24F2689BBC}
		{68D3A479-07BF-4A79-81BE-B761828375DF} = {B657AF5F-972E-4172-8774-F91F2550FFFD}
		{2B57B080-40FB-4229-BC90-77068BAC1704} = {A4F2BA1D-ABD1-496C-BFDB-29D27F36EA93}
		{2293A24E-41F2-4E79-8EDD-034141876472} = {8B4C1EDF-9A29-4E2F-99F7-879B4D6DA295}
		{A2DCB1DF-E1BF-4648-BADF-50FE707B3537} = {8B4C1EDF-9A29-4E2F-99F7-879B4D6DA295}
		{FAD0211A-396D-48F3-9E22-0D7DA5748092} = {F689A117-11E1-471C-80E3-C43C512D3AC2}
		{F11EEAD3-3A06-496B-AD7C-4B4C7E2D147A} = {F689A117-11E1-471C-80E3-C43C512D3AC2}
		{139B756F-3107-434D-874D-D3BFA8F8A238} = {1ADBAB6B-6005-4D36-9574-2A8498F31D45}
		{3CEDF2BE-02C4-4B32-9496-9ACDD5955A95} = {1ADBAB6B-6005-4D36-9574-2A8498F31D45}
		{31C2DD53-9EF3-4458-9359-A20F6D51327F} = {5992F011-F25F-4C84-A2F9-3A49806649D6}
		{B2167F63-D79A-49BE-A710-5B1F5014E198} = {879CDEDA-44F0-4263-9FDB-824DAD2FCDBC}
		{7D6949C2-03F9-4E80-AA77-2B37C5DEE1E7} = {879CDEDA-44F0-4263-9FDB-824DAD2FCDBC}
		{99DBA044-5F2A-4BF3-907A-934C3B84DA07} = {5992F011-F25F-4C84-A2F9-3A49806649D6}
	EndGlobalSection
	GlobalSection(ExtensibilityGlobals) = postSolution
		SolutionGuid = {AB231173-89D4-43F2-880D-F0EE3E23994A}
	EndGlobalSection
EndGlobal
